
Microsoft Visual Studio Solution File, Format Version 12.00
# Visual Studio Version 16
VisualStudioVersion = 16.0.29806.167
MinimumVisualStudioVersion = 10.0.40219.1
Project("{FAE04EC0-301F-11D3-BF4B-00C04F79EFBC}") = "MyPhotosService", "MyPhotosService.csproj", "{EF3B0651-1F3B-4D74-99E8-BEB86E6CADC4}"
EndProject
Project("{FAE04EC0-301F-11D3-BF4B-00C04F79EFBC}") = "MyPhotosInterfaces", "..\MyPhotosInterfaces\MyPhotosInterfaces.csproj", "{A75DE3B8-C022-4929-9024-A7883AC8AA9D}"
EndProject
Project("{FAE04EC0-301F-11D3-BF4B-00C04F79EFBC}") = "ClientGUI", "..\ClientGUI\ClientGUI.csproj", "{A7E661DA-F43B-42AC-9725-A552274BB605}"
EndProject
Global
	GlobalSection(SolutionConfigurationPlatforms) = preSolution
		Debug|Any CPU = Debug|Any CPU
		Release|Any CPU = Release|Any CPU
	EndGlobalSection
	GlobalSection(ProjectConfigurationPlatforms) = postSolution
		{EF3B0651-1F3B-4D74-99E8-BEB86E6CADC4}.Debug|Any CPU.ActiveCfg = Debug|Any CPU
		{EF3B0651-1F3B-4D74-99E8-BEB86E6CADC4}.Debug|Any CPU.Build.0 = Debug|Any CPU
		{EF3B0651-1F3B-4D74-99E8-BEB86E6CADC4}.Release|Any CPU.ActiveCfg = Release|Any CPU
		{EF3B0651-1F3B-4D74-99E8-BEB86E6CADC4}.Release|Any CPU.Build.0 = Release|Any CPU
		{A75DE3B8-C022-4929-9024-A7883AC8AA9D}.Debug|Any CPU.ActiveCfg = Debug|Any CPU
		{A75DE3B8-C022-4929-9024-A7883AC8AA9D}.Debug|Any CPU.Build.0 = Debug|Any CPU
		{A75DE3B8-C022-4929-9024-A7883AC8AA9D}.Release|Any CPU.ActiveCfg = Release|Any CPU
		{A75DE3B8-C022-4929-9024-A7883AC8AA9D}.Release|Any CPU.Build.0 = Release|Any CPU
		{A7E661DA-F43B-42AC-9725-A552274BB605}.Debug|Any CPU.ActiveCfg = Debug|Any CPU
		{A7E661DA-F43B-42AC-9725-A552274BB605}.Debug|Any CPU.Build.0 = Debug|Any CPU
		{A7E661DA-F43B-42AC-9725-A552274BB605}.Release|Any CPU.ActiveCfg = Release|Any CPU
		{A7E661DA-F43B-42AC-9725-A552274BB605}.Release|Any CPU.Build.0 = Release|Any CPU
	EndGlobalSection
	GlobalSection(SolutionProperties) = preSolution
		HideSolutionNode = FALSE
	EndGlobalSection
	GlobalSection(ExtensibilityGlobals) = postSolution
		SolutionGuid = {F95B911D-FF79-495E-8FB5-61812150B1C8}
	EndGlobalSection
EndGlobal
